
Microsoft Visual Studio Solution File, Format Version 12.00
# Visual Studio Version 18
VisualStudioVersion = 18.6.11723.189 insiders
MinimumVisualStudioVersion = 10.0.40219.1
Project("{FAE04EC0-301F-11D3-BF4B-00C04F79EFBC}") = "AlphaMind.Api", "AlphaMind.Api.csproj", "{D36CD4FD-1314-A56F-BC4D-C50C8064F5C4}"
EndProject
Global
	GlobalSection(SolutionConfigurationPlatforms) = preSolution
		Debug|Any CPU = Debug|Any CPU
		Release|Any CPU = Release|Any CPU
	EndGlobalSection
	GlobalSection(ProjectConfigurationPlatforms) = postSolution
		{D36CD4FD-1314-A56F-BC4D-C50C8064F5C4}.Debug|Any CPU.ActiveCfg = Debug|Any CPU
		{D36CD4FD-1314-A56F-BC4D-C50C8064F5C4}.Debug|Any CPU.Build.0 = Debug|Any CPU
		{D36CD4FD-1314-A56F-BC4D-C50C8064F5C4}.Release|Any CPU.ActiveCfg = Release|Any CPU
		{D36CD4FD-1314-A56F-BC4D-C50C8064F5C4}.Release|Any CPU.Build.0 = Release|Any CPU
	EndGlobalSection
	GlobalSection(SolutionProperties) = preSolution
		HideSolutionNode = FALSE
	EndGlobalSection
	GlobalSection(ExtensibilityGlobals) = postSolution
		SolutionGuid = {48896713-E85C-495F-9DC4-503E855B3778}
	EndGlobalSection
EndGlobal
